
Microsoft Visual Studio Solution File, Format Version 12.00
# Visual Studio Version 16
VisualStudioVersion = 16.0.30104.148
MinimumVisualStudioVersion = 10.0.40219.1
Project("{FAE04EC0-301F-11D3-BF4B-00C04F79EFBC}") = "Patterns_PW7", "Patterns_PW7\Patterns_PW7.csproj", "{A87BE376-90CE-4AFE-823F-EFC81D884552}"
EndProject
Global
	GlobalSection(SolutionConfigurationPlatforms) = preSolution
		Debug|Any CPU = Debug|Any CPU
		Release|Any CPU = Release|Any CPU
	EndGlobalSection
	GlobalSection(ProjectConfigurationPlatforms) = postSolution
		{A87BE376-90CE-4AFE-823F-EFC81D884552}.Debug|Any CPU.ActiveCfg = Debug|Any CPU
		{A87BE376-90CE-4AFE-823F-EFC81D884552}.Debug|Any CPU.Build.0 = Debug|Any CPU
		{A87BE376-90CE-4AFE-823F-EFC81D884552}.Release|Any CPU.ActiveCfg = Release|Any CPU
		{A87BE376-90CE-4AFE-823F-EFC81D884552}.Release|Any CPU.Build.0 = Release|Any CPU
	EndGlobalSection
	GlobalSection(SolutionProperties) = preSolution
		HideSolutionNode = FALSE
	EndGlobalSection
	GlobalSection(ExtensibilityGlobals) = postSolution
		SolutionGuid = {D2A5FEA7-45EF-49F3-BFD8-5D55AA162262}
	EndGlobalSection
EndGlobal
